{
  "name": "conf-compare",
  "version": "1.0.0",
  "lockfileVersion": 2,
  "requires": true,
  "packages": {
    "": {
      "name": "conf-compare",
      "version": "1.0.0",
      "license": "ISC",
      "dependencies": {
        "deep-diff": "^1.0.2",
        "node-json2html": "^1.4.0",
        "sorted-json": "^0.2.6"
      }
    },
    "node_modules/deep-diff": {
      "version": "1.0.2",
      "resolved": "https://repo.plus4u.net/operatorGate/repository/npm/deep-diff/-/deep-diff-1.0.2.tgz",
      "integrity": "sha512-aWS3UIVH+NPGCD1kki+DCU9Dua032iSsO43LqQpcs4R3+dVv7tX0qBGjiVHJHjplsoUM2XRO/KB92glqc68awg==",
      "license": "MIT"
    },
    "node_modules/node-json2html": {
      "version": "1.4.0",
      "resolved": "https://repo.plus4u.net/operatorGate/repository/npm/node-json2html/-/node-json2html-1.4.0.tgz",
      "integrity": "sha512-JqAMz0AFN6ceyR2rM6rjrPnfdxxoxcp5plHyw2geG6LD8XoeBLlvAIyV9Xw3gJqN3yFHgfbF4ggTzKGpTs37ZQ==",
      "engines": {
        "node": "*"
      }
    },
    "node_modules/sorted-json": {
      "version": "0.2.6",
      "resolved": "https://repo.plus4u.net/operatorGate/repository/npm/sorted-json/-/sorted-json-0.2.6.tgz",
      "integrity": "sha512-Y9ZOAwhaMYG+9cFDc8LXlR7v9fWjiGHzh3HhjbTVFijU5zgPIa4Z6MGNSgGwYQ/x+QIeaFdQU+C1w1lCvLfP2g==",
      "license": "MIT"
    }
  },
  "dependencies": {
    "deep-diff": {
      "version": "1.0.2",
      "resolved": "https://repo.plus4u.net/operatorGate/repository/npm/deep-diff/-/deep-diff-1.0.2.tgz",
      "integrity": "sha512-aWS3UIVH+NPGCD1kki+DCU9Dua032iSsO43LqQpcs4R3+dVv7tX0qBGjiVHJHjplsoUM2XRO/KB92glqc68awg=="
    },
    "node-json2html": {
      "version": "1.4.0",
      "resolved": "https://repo.plus4u.net/operatorGate/repository/npm/node-json2html/-/node-json2html-1.4.0.tgz",
      "integrity": "sha512-JqAMz0AFN6ceyR2rM6rjrPnfdxxoxcp5plHyw2geG6LD8XoeBLlvAIyV9Xw3gJqN3yFHgfbF4ggTzKGpTs37ZQ=="
    },
    "sorted-json": {
      "version": "0.2.6",
      "resolved": "https://repo.plus4u.net/operatorGate/repository/npm/sorted-json/-/sorted-json-0.2.6.tgz",
      "integrity": "sha512-Y9ZOAwhaMYG+9cFDc8LXlR7v9fWjiGHzh3HhjbTVFijU5zgPIa4Z6MGNSgGwYQ/x+QIeaFdQU+C1w1lCvLfP2g=="
    }
  }
}
